
Microsoft Visual Studio Solution File, Format Version 12.00
# Visual Studio Version 17
VisualStudioVersion = 17.5.002.0
MinimumVisualStudioVersion = 10.0.40219.1
Project("{9A19103F-16F7-4668-BE54-9A1E7A4F7556}") = "portfolioVision", "portfolioVision\portfolioVision.csproj", "{84DFDFA8-0ADB-491A-A318-A421693FE60B}"
EndProject
Global
	GlobalSection(SolutionConfigurationPlatforms) = preSolution
		Debug|Any CPU = Debug|Any CPU
		Release|Any CPU = Release|Any CPU
	EndGlobalSection
	GlobalSection(ProjectConfigurationPlatforms) = postSolution
		{84DFDFA8-0ADB-491A-A318-A421693FE60B}.Debug|Any CPU.ActiveCfg = Debug|Any CPU
		{84DFDFA8-0ADB-491A-A318-A421693FE60B}.Debug|Any CPU.Build.0 = Debug|Any CPU
		{84DFDFA8-0ADB-491A-A318-A421693FE60B}.Release|Any CPU.ActiveCfg = Release|Any CPU
		{84DFDFA8-0ADB-491A-A318-A421693FE60B}.Release|Any CPU.Build.0 = Release|Any CPU
	EndGlobalSection
	GlobalSection(SolutionProperties) = preSolution
		HideSolutionNode = FALSE
	EndGlobalSection
	GlobalSection(ExtensibilityGlobals) = postSolution
		SolutionGuid = {DC457859-288E-455B-B365-C44965DAD29E}
	EndGlobalSection
EndGlobal
